
Microsoft Visual Studio Solution File, Format Version 12.00
# Visual Studio Version 17
VisualStudioVersion = 17.4.33205.214
MinimumVisualStudioVersion = 10.0.40219.1
Project("{9A19103F-16F7-4668-BE54-9A1E7A4F7556}") = "TestTask", "Geometry\TestTask.csproj", "{AFF6FF1C-C6E3-4075-9239-9CD373171648}"
EndProject
Project("{9A19103F-16F7-4668-BE54-9A1E7A4F7556}") = "GeometryTest", "GeometryTest\GeometryTest.csproj", "{D5DDA47F-DD1E-42E4-8CDA-9BADD532FC2B}"
EndProject
Global
	GlobalSection(SolutionConfigurationPlatforms) = preSolution
		Debug|Any CPU = Debug|Any CPU
		Release|Any CPU = Release|Any CPU
	EndGlobalSection
	GlobalSection(ProjectConfigurationPlatforms) = postSolution
		{AFF6FF1C-C6E3-4075-9239-9CD373171648}.Debug|Any CPU.ActiveCfg = Debug|Any CPU
		{AFF6FF1C-C6E3-4075-9239-9CD373171648}.Debug|Any CPU.Build.0 = Debug|Any CPU
		{AFF6FF1C-C6E3-4075-9239-9CD373171648}.Release|Any CPU.ActiveCfg = Release|Any CPU
		{AFF6FF1C-C6E3-4075-9239-9CD373171648}.Release|Any CPU.Build.0 = Release|Any CPU
		{D5DDA47F-DD1E-42E4-8CDA-9BADD532FC2B}.Debug|Any CPU.ActiveCfg = Debug|Any CPU
		{D5DDA47F-DD1E-42E4-8CDA-9BADD532FC2B}.Debug|Any CPU.Build.0 = Debug|Any CPU
		{D5DDA47F-DD1E-42E4-8CDA-9BADD532FC2B}.Release|Any CPU.ActiveCfg = Release|Any CPU
		{D5DDA47F-DD1E-42E4-8CDA-9BADD532FC2B}.Release|Any CPU.Build.0 = Release|Any CPU
	EndGlobalSection
	GlobalSection(SolutionProperties) = preSolution
		HideSolutionNode = FALSE
	EndGlobalSection
	GlobalSection(ExtensibilityGlobals) = postSolution
		SolutionGuid = {DAF127C7-B544-41D9-8D7A-B1BC3D6552B1}
	EndGlobalSection
EndGlobal
